{
  "name": "terminal-fire-lock",
  "version": "1.0.0",
  "lockfileVersion": 3,
  "requires": true,
  "packages": {
    "": {
      "name": "terminal-fire-lock",
      "version": "1.0.0",
      "license": "WTFPL",
      "bin": {
        "terminal-fire-lock": "bin/tfl.js",
        "tfl": "bin/tfl.js"
      }
    }
  }
}
